// !$*UTF8*$!
{
	archiveVersion = 1;
	classes = {
	};
	objectVersion = 46;
	objects = {

/* Begin PBXBuildFile section */
		B18CB69B1E522F9800F833DF /* AppDelegate.swift in Sources */ = {isa = PBXBuildFile; fileRef = B18CB69A1E522F9800F833DF /* AppDelegate.swift */; };
		B18CB69D1E522F9800F833DF /* Assets.xcassets in Resources */ = {isa = PBXBuildFile; fileRef = B18CB69C1E522F9800F833DF /* Assets.xcassets */; };
		B18CB6A01E522F9800F833DF /* MainMenu.xib in Resources */ = {isa = PBXBuildFile; fileRef = B18CB69E1E522F9800F833DF /* MainMenu.xib */; };
		B18CB6AB1E522F9800F833DF /* SimulationTests.swift in Sources */ = {isa = PBXBuildFile; fileRef = B18CB6AA1E522F9800F833DF /* SimulationTests.swift */; };
		B18CB6B71E522FAC00F833DF /* MainWindowController.swift in Sources */ = {isa = PBXBuildFile; fileRef = B18CB6B51E522FAC00F833DF /* MainWindowController.swift */; };
		B18CB6B81E522FAC00F833DF /* MainWindowController.xib in Resources */ = {isa = PBXBuildFile; fileRef = B18CB6B61E522FAC00F833DF /* MainWindowController.xib */; };
		B18CB6BA1E522FC500F833DF /* ColoredView.swift in Sources */ = {isa = PBXBuildFile; fileRef = B18CB6B91E522FC500F833DF /* ColoredView.swift */; };
		B192DC301EA95C7900BD03FB /* FoundationKit.framework in Frameworks */ = {isa = PBXBuildFile; fileRef = B192DC241EA95C3F00BD03FB /* FoundationKit.framework */; };
		B192DC311EA95C7900BD03FB /* FoundationKit.framework in Embed Frameworks */ = {isa = PBXBuildFile; fileRef = B192DC241EA95C3F00BD03FB /* FoundationKit.framework */; settings = {ATTRIBUTES = (CodeSignOnCopy, RemoveHeadersOnCopy, ); }; };
		B192DC351EA95C8000BD03FB /* FDPS.framework in Frameworks */ = {isa = PBXBuildFile; fileRef = B192DBFE1EA95C3900BD03FB /* FDPS.framework */; };
		B192DC361EA95C8000BD03FB /* FDPS.framework in Embed Frameworks */ = {isa = PBXBuildFile; fileRef = B192DBFE1EA95C3900BD03FB /* FDPS.framework */; settings = {ATTRIBUTES = (CodeSignOnCopy, RemoveHeadersOnCopy, ); }; };
		B192DC391EA95C8B00BD03FB /* ATCSIM.framework in Frameworks */ = {isa = PBXBuildFile; fileRef = B192DBBA1EA95C3200BD03FB /* ATCSIM.framework */; };
		B192DC3A1EA95C8B00BD03FB /* ATCSIM.framework in Embed Frameworks */ = {isa = PBXBuildFile; fileRef = B192DBBA1EA95C3200BD03FB /* ATCSIM.framework */; settings = {ATTRIBUTES = (CodeSignOnCopy, RemoveHeadersOnCopy, ); }; };
		B192DC3D1EA95C9600BD03FB /* ATCKit.framework in Frameworks */ = {isa = PBXBuildFile; fileRef = B192DB8B1EA95C2C00BD03FB /* ATCKit.framework */; };
		B192DC3E1EA95C9600BD03FB /* ATCKit.framework in Embed Frameworks */ = {isa = PBXBuildFile; fileRef = B192DB8B1EA95C2C00BD03FB /* ATCKit.framework */; settings = {ATTRIBUTES = (CodeSignOnCopy, RemoveHeadersOnCopy, ); }; };
		B192DC411EA95CA300BD03FB /* AirspaceKit.framework in Frameworks */ = {isa = PBXBuildFile; fileRef = B192DB621EA95C2600BD03FB /* AirspaceKit.framework */; };
		B192DC421EA95CA300BD03FB /* AirspaceKit.framework in Embed Frameworks */ = {isa = PBXBuildFile; fileRef = B192DB621EA95C2600BD03FB /* AirspaceKit.framework */; settings = {ATTRIBUTES = (CodeSignOnCopy, RemoveHeadersOnCopy, ); }; };
/* End PBXBuildFile section */

/* Begin PBXContainerItemProxy section */
		B18CB6A71E522F9800F833DF /* PBXContainerItemProxy */ = {
			isa = PBXContainerItemProxy;
			containerPortal = B18CB68F1E522F9800F833DF /* Project object */;
			proxyType = 1;
			remoteGlobalIDString = B18CB6961E522F9800F833DF;
			remoteInfo = Simulation;
		};
		B192DB571EA95C2600BD03FB /* PBXContainerItemProxy */ = {
			isa = PBXContainerItemProxy;
			containerPortal = B192DB4D1EA95C2500BD03FB /* AirspaceKit.xcodeproj */;
			proxyType = 2;
			remoteGlobalIDString = OBJ_80;
			remoteInfo = FoundationKit;
		};
		B192DB591EA95C2600BD03FB /* PBXContainerItemProxy */ = {
			isa = PBXContainerItemProxy;
			containerPortal = B192DB4D1EA95C2500BD03FB /* AirspaceKit.xcodeproj */;
			proxyType = 2;
			remoteGlobalIDString = OBJ_81;
			remoteInfo = JSON;
		};
		B192DB5B1EA95C2600BD03FB /* PBXContainerItemProxy */ = {
			isa = PBXContainerItemProxy;
			containerPortal = B192DB4D1EA95C2500BD03FB /* AirspaceKit.xcodeproj */;
			proxyType = 2;
			remoteGlobalIDString = OBJ_82;
			remoteInfo = Measure;
		};
		B192DB5D1EA95C2600BD03FB /* PBXContainerItemProxy */ = {
			isa = PBXContainerItemProxy;
			containerPortal = B192DB4D1EA95C2500BD03FB /* AirspaceKit.xcodeproj */;
			proxyType = 2;
			remoteGlobalIDString = OBJ_83;
			remoteInfo = AircraftKit;
		};
		B192DB5F1EA95C2600BD03FB /* PBXContainerItemProxy */ = {
			isa = PBXContainerItemProxy;
			containerPortal = B192DB4D1EA95C2500BD03FB /* AirspaceKit.xcodeproj */;
			proxyType = 2;
			remoteGlobalIDString = OBJ_84;
			remoteInfo = ATCKit;
		};
		B192DB611EA95C2600BD03FB /* PBXContainerItemProxy */ = {
			isa = PBXContainerItemProxy;
			containerPortal = B192DB4D1EA95C2500BD03FB /* AirspaceKit.xcodeproj */;
			proxyType = 2;
			remoteGlobalIDString = OBJ_85;
			remoteInfo = AirspaceKit;
		};
		B192DB631EA95C2600BD03FB /* PBXContainerItemProxy */ = {
			isa = PBXContainerItemProxy;
			containerPortal = B192DB4D1EA95C2500BD03FB /* AirspaceKit.xcodeproj */;
			proxyType = 2;
			remoteGlobalIDString = OBJ_86;
			remoteInfo = AirspaceKitTests;
		};
		B192DB821EA95C2C00BD03FB /* PBXContainerItemProxy */ = {
			isa = PBXContainerItemProxy;
			containerPortal = B192DB791EA95C2C00BD03FB /* ATCKit.xcodeproj */;
			proxyType = 2;
			remoteGlobalIDString = OBJ_84;
			remoteInfo = JSON;
		};
		B192DB841EA95C2C00BD03FB /* PBXContainerItemProxy */ = {
			isa = PBXContainerItemProxy;
			containerPortal = B192DB791EA95C2C00BD03FB /* ATCKit.xcodeproj */;
			proxyType = 2;
			remoteGlobalIDString = OBJ_85;
			remoteInfo = FoundationKit;
		};
		B192DB861EA95C2C00BD03FB /* PBXContainerItemProxy */ = {
			isa = PBXContainerItemProxy;
			containerPortal = B192DB791EA95C2C00BD03FB /* ATCKit.xcodeproj */;
			proxyType = 2;
			remoteGlobalIDString = OBJ_86;
			remoteInfo = Measure;
		};
		B192DB881EA95C2C00BD03FB /* PBXContainerItemProxy */ = {
			isa = PBXContainerItemProxy;
			containerPortal = B192DB791EA95C2C00BD03FB /* ATCKit.xcodeproj */;
			proxyType = 2;
			remoteGlobalIDString = OBJ_87;
			remoteInfo = AircraftKit;
		};
		B192DB8A1EA95C2C00BD03FB /* PBXContainerItemProxy */ = {
			isa = PBXContainerItemProxy;
			containerPortal = B192DB791EA95C2C00BD03FB /* ATCKit.xcodeproj */;
			proxyType = 2;
			remoteGlobalIDString = OBJ_88;
			remoteInfo = ATCKit;
		};
		B192DB8C1EA95C2C00BD03FB /* PBXContainerItemProxy */ = {
			isa = PBXContainerItemProxy;
			containerPortal = B192DB791EA95C2C00BD03FB /* ATCKit.xcodeproj */;
			proxyType = 2;
			remoteGlobalIDString = OBJ_89;
			remoteInfo = ATCKitTests;
		};
		B192DBA91EA95C3200BD03FB /* PBXContainerItemProxy */ = {
			isa = PBXContainerItemProxy;
			containerPortal = B192DB9C1EA95C3200BD03FB /* ATCSIM.xcodeproj */;
			proxyType = 2;
			remoteGlobalIDString = OBJ_104;
			remoteInfo = JSON;
		};
		B192DBAB1EA95C3200BD03FB /* PBXContainerItemProxy */ = {
			isa = PBXContainerItemProxy;
			containerPortal = B192DB9C1EA95C3200BD03FB /* ATCSIM.xcodeproj */;
			proxyType = 2;
			remoteGlobalIDString = OBJ_105;
			remoteInfo = FoundationKit;
		};
		B192DBAD1EA95C3200BD03FB /* PBXContainerItemProxy */ = {
			isa = PBXContainerItemProxy;
			containerPortal = B192DB9C1EA95C3200BD03FB /* ATCSIM.xcodeproj */;
			proxyType = 2;
			remoteGlobalIDString = OBJ_106;
			remoteInfo = Measure;
		};
		B192DBAF1EA95C3200BD03FB /* PBXContainerItemProxy */ = {
			isa = PBXContainerItemProxy;
			containerPortal = B192DB9C1EA95C3200BD03FB /* ATCSIM.xcodeproj */;
			proxyType = 2;
			remoteGlobalIDString = OBJ_107;
			remoteInfo = AircraftKit;
		};
		B192DBB11EA95C3200BD03FB /* PBXContainerItemProxy */ = {
			isa = PBXContainerItemProxy;
			containerPortal = B192DB9C1EA95C3200BD03FB /* ATCSIM.xcodeproj */;
			proxyType = 2;
			remoteGlobalIDString = OBJ_108;
			remoteInfo = ATCKit;
		};
		B192DBB31EA95C3200BD03FB /* PBXContainerItemProxy */ = {
			isa = PBXContainerItemProxy;
			containerPortal = B192DB9C1EA95C3200BD03FB /* ATCSIM.xcodeproj */;
			proxyType = 2;
			remoteGlobalIDString = OBJ_109;
			remoteInfo = AirspaceKit;
		};
		B192DBB51EA95C3200BD03FB /* PBXContainerItemProxy */ = {
			isa = PBXContainerItemProxy;
			containerPortal = B192DB9C1EA95C3200BD03FB /* ATCSIM.xcodeproj */;
			proxyType = 2;
			remoteGlobalIDString = OBJ_110;
			remoteInfo = Socket;
		};
		B192DBB71EA95C3200BD03FB /* PBXContainerItemProxy */ = {
			isa = PBXContainerItemProxy;
			containerPortal = B192DB9C1EA95C3200BD03FB /* ATCSIM.xcodeproj */;
			proxyType = 2;
			remoteGlobalIDString = OBJ_111;
			remoteInfo = FDPS;
		};
		B192DBB91EA95C3200BD03FB /* PBXContainerItemProxy */ = {
			isa = PBXContainerItemProxy;
			containerPortal = B192DB9C1EA95C3200BD03FB /* ATCSIM.xcodeproj */;
			proxyType = 2;
			remoteGlobalIDString = OBJ_112;
			remoteInfo = ATCSIM;
		};
		B192DBBB1EA95C3200BD03FB /* PBXContainerItemProxy */ = {
			isa = PBXContainerItemProxy;
			containerPortal = B192DB9C1EA95C3200BD03FB /* ATCSIM.xcodeproj */;
			proxyType = 2;
			remoteGlobalIDString = OBJ_113;
			remoteInfo = ATCSIMTests;
		};
		B192DBEF1EA95C3900BD03FB /* PBXContainerItemProxy */ = {
			isa = PBXContainerItemProxy;
			containerPortal = B192DBE31EA95C3900BD03FB /* FDPS.xcodeproj */;
			proxyType = 2;
			remoteGlobalIDString = OBJ_92;
			remoteInfo = FoundationKit;
		};
		B192DBF11EA95C3900BD03FB /* PBXContainerItemProxy */ = {
			isa = PBXContainerItemProxy;
			containerPortal = B192DBE31EA95C3900BD03FB /* FDPS.xcodeproj */;
			proxyType = 2;
			remoteGlobalIDString = OBJ_93;
			remoteInfo = JSON;
		};
		B192DBF31EA95C3900BD03FB /* PBXContainerItemProxy */ = {
			isa = PBXContainerItemProxy;
			containerPortal = B192DBE31EA95C3900BD03FB /* FDPS.xcodeproj */;
			proxyType = 2;
			remoteGlobalIDString = OBJ_94;
			remoteInfo = Measure;
		};
		B192DBF51EA95C3900BD03FB /* PBXContainerItemProxy */ = {
			isa = PBXContainerItemProxy;
			containerPortal = B192DBE31EA95C3900BD03FB /* FDPS.xcodeproj */;
			proxyType = 2;
			remoteGlobalIDString = OBJ_95;
			remoteInfo = AircraftKit;
		};
		B192DBF71EA95C3900BD03FB /* PBXContainerItemProxy */ = {
			isa = PBXContainerItemProxy;
			containerPortal = B192DBE31EA95C3900BD03FB /* FDPS.xcodeproj */;
			proxyType = 2;
			remoteGlobalIDString = OBJ_96;
			remoteInfo = ATCKit;
		};
		B192DBF91EA95C3900BD03FB /* PBXContainerItemProxy */ = {
			isa = PBXContainerItemProxy;
			containerPortal = B192DBE31EA95C3900BD03FB /* FDPS.xcodeproj */;
			proxyType = 2;
			remoteGlobalIDString = OBJ_97;
			remoteInfo = AirspaceKit;
		};
		B192DBFB1EA95C3900BD03FB /* PBXContainerItemProxy */ = {
			isa = PBXContainerItemProxy;
			containerPortal = B192DBE31EA95C3900BD03FB /* FDPS.xcodeproj */;
			proxyType = 2;
			remoteGlobalIDString = OBJ_98;
			remoteInfo = Socket;
		};
		B192DBFD1EA95C3900BD03FB /* PBXContainerItemProxy */ = {
			isa = PBXContainerItemProxy;
			containerPortal = B192DBE31EA95C3900BD03FB /* FDPS.xcodeproj */;
			proxyType = 2;
			remoteGlobalIDString = OBJ_99;
			remoteInfo = FDPS;
		};
		B192DBFF1EA95C3900BD03FB /* PBXContainerItemProxy */ = {
			isa = PBXContainerItemProxy;
			containerPortal = B192DBE31EA95C3900BD03FB /* FDPS.xcodeproj */;
			proxyType = 2;
			remoteGlobalIDString = OBJ_100;
			remoteInfo = FDPSTests;
		};
		B192DC231EA95C3F00BD03FB /* PBXContainerItemProxy */ = {
			isa = PBXContainerItemProxy;
			containerPortal = B192DC1E1EA95C3F00BD03FB /* FoundationKit.xcodeproj */;
			proxyType = 2;
			remoteGlobalIDString = OBJ_21;
			remoteInfo = FoundationKit;
		};
		B192DC251EA95C3F00BD03FB /* PBXContainerItemProxy */ = {
			isa = PBXContainerItemProxy;
			containerPortal = B192DC1E1EA95C3F00BD03FB /* FoundationKit.xcodeproj */;
			proxyType = 2;
			remoteGlobalIDString = OBJ_22;
			remoteInfo = FoundationKitTests;
		};
		B192DC321EA95C7900BD03FB /* PBXContainerItemProxy */ = {
			isa = PBXContainerItemProxy;
			containerPortal = B192DC1E1EA95C3F00BD03FB /* FoundationKit.xcodeproj */;
			proxyType = 1;
			remoteGlobalIDString = OBJ_23;
			remoteInfo = FoundationKit;
		};
		B192DC371EA95C8000BD03FB /* PBXContainerItemProxy */ = {
			isa = PBXContainerItemProxy;
			containerPortal = B192DBE31EA95C3900BD03FB /* FDPS.xcodeproj */;
			proxyType = 1;
			remoteGlobalIDString = OBJ_235;
			remoteInfo = FDPS;
		};
		B192DC3B1EA95C8B00BD03FB /* PBXContainerItemProxy */ = {
			isa = PBXContainerItemProxy;
			containerPortal = B192DB9C1EA95C3200BD03FB /* ATCSIM.xcodeproj */;
			proxyType = 1;
			remoteGlobalIDString = OBJ_275;
			remoteInfo = ATCSIM;
		};
		B192DC3F1EA95C9600BD03FB /* PBXContainerItemProxy */ = {
			isa = PBXContainerItemProxy;
			containerPortal = B192DB791EA95C2C00BD03FB /* ATCKit.xcodeproj */;
			proxyType = 1;
			remoteGlobalIDString = OBJ_162;
			remoteInfo = ATCKit;
		};
		B192DC431EA95CA300BD03FB /* PBXContainerItemProxy */ = {
			isa = PBXContainerItemProxy;
			containerPortal = B192DB4D1EA95C2500BD03FB /* AirspaceKit.xcodeproj */;
			proxyType = 1;
			remoteGlobalIDString = OBJ_194;
			remoteInfo = AirspaceKit;
		};
/* End PBXContainerItemProxy section */

/* Begin PBXCopyFilesBuildPhase section */
		B192DC341EA95C7900BD03FB /* Embed Frameworks */ = {
			isa = PBXCopyFilesBuildPhase;
			buildActionMask = 2147483647;
			dstPath = "";
			dstSubfolderSpec = 10;
			files = (
				B192DC421EA95CA300BD03FB /* AirspaceKit.framework in Embed Frameworks */,
				B192DC3E1EA95C9600BD03FB /* ATCKit.framework in Embed Frameworks */,
				B192DC3A1EA95C8B00BD03FB /* ATCSIM.framework in Embed Frameworks */,
				B192DC311EA95C7900BD03FB /* FoundationKit.framework in Embed Frameworks */,
				B192DC361EA95C8000BD03FB /* FDPS.framework in Embed Frameworks */,
			);
			name = "Embed Frameworks";
			runOnlyForDeploymentPostprocessing = 0;
		};
/* End PBXCopyFilesBuildPhase section */

/* Begin PBXFileReference section */
		B18CB6971E522F9800F833DF /* Simulation.app */ = {isa = PBXFileReference; explicitFileType = wrapper.application; includeInIndex = 0; path = Simulation.app; sourceTree = BUILT_PRODUCTS_DIR; };
		B18CB69A1E522F9800F833DF /* AppDelegate.swift */ = {isa = PBXFileReference; lastKnownFileType = sourcecode.swift; path = AppDelegate.swift; sourceTree = "<group>"; };
		B18CB69C1E522F9800F833DF /* Assets.xcassets */ = {isa = PBXFileReference; lastKnownFileType = folder.assetcatalog; path = Assets.xcassets; sourceTree = "<group>"; };
		B18CB69F1E522F9800F833DF /* Base */ = {isa = PBXFileReference; lastKnownFileType = file.xib; name = Base; path = Base.lproj/MainMenu.xib; sourceTree = "<group>"; };
		B18CB6A11E522F9800F833DF /* Info.plist */ = {isa = PBXFileReference; lastKnownFileType = text.plist.xml; path = Info.plist; sourceTree = "<group>"; };
		B18CB6A61E522F9800F833DF /* SimulationTests.xctest */ = {isa = PBXFileReference; explicitFileType = wrapper.cfbundle; includeInIndex = 0; path = SimulationTests.xctest; sourceTree = BUILT_PRODUCTS_DIR; };
		B18CB6AA1E522F9800F833DF /* SimulationTests.swift */ = {isa = PBXFileReference; lastKnownFileType = sourcecode.swift; path = SimulationTests.swift; sourceTree = "<group>"; };
		B18CB6AC1E522F9800F833DF /* Info.plist */ = {isa = PBXFileReference; lastKnownFileType = text.plist.xml; path = Info.plist; sourceTree = "<group>"; };
		B18CB6B51E522FAC00F833DF /* MainWindowController.swift */ = {isa = PBXFileReference; fileEncoding = 4; lastKnownFileType = sourcecode.swift; path = MainWindowController.swift; sourceTree = "<group>"; };
		B18CB6B61E522FAC00F833DF /* MainWindowController.xib */ = {isa = PBXFileReference; fileEncoding = 4; lastKnownFileType = file.xib; path = MainWindowController.xib; sourceTree = "<group>"; };
		B18CB6B91E522FC500F833DF /* ColoredView.swift */ = {isa = PBXFileReference; fileEncoding = 4; lastKnownFileType = sourcecode.swift; path = ColoredView.swift; sourceTree = "<group>"; };
		B192DB4D1EA95C2500BD03FB /* AirspaceKit.xcodeproj */ = {isa = PBXFileReference; lastKnownFileType = "wrapper.pb-project"; name = AirspaceKit.xcodeproj; path = Dependencies/airspacekit/AirspaceKit.xcodeproj; sourceTree = "<group>"; };
		B192DB791EA95C2C00BD03FB /* ATCKit.xcodeproj */ = {isa = PBXFileReference; lastKnownFileType = "wrapper.pb-project"; name = ATCKit.xcodeproj; path = Dependencies/atckit/ATCKit.xcodeproj; sourceTree = "<group>"; };
		B192DB9C1EA95C3200BD03FB /* ATCSIM.xcodeproj */ = {isa = PBXFileReference; lastKnownFileType = "wrapper.pb-project"; name = ATCSIM.xcodeproj; path = Dependencies/atcsim/ATCSIM.xcodeproj; sourceTree = "<group>"; };
		B192DBE31EA95C3900BD03FB /* FDPS.xcodeproj */ = {isa = PBXFileReference; lastKnownFileType = "wrapper.pb-project"; name = FDPS.xcodeproj; path = Dependencies/fdps/FDPS.xcodeproj; sourceTree = "<group>"; };
		B192DC1E1EA95C3F00BD03FB /* FoundationKit.xcodeproj */ = {isa = PBXFileReference; lastKnownFileType = "wrapper.pb-project"; name = FoundationKit.xcodeproj; path = Dependencies/foundationkit/FoundationKit.xcodeproj; sourceTree = "<group>"; };
/* End PBXFileReference section */

/* Begin PBXFrameworksBuildPhase section */
		B18CB6941E522F9800F833DF /* Frameworks */ = {
			isa = PBXFrameworksBuildPhase;
			buildActionMask = 2147483647;
			files = (
				B192DC411EA95CA300BD03FB /* AirspaceKit.framework in Frameworks */,
				B192DC3D1EA95C9600BD03FB /* ATCKit.framework in Frameworks */,
				B192DC391EA95C8B00BD03FB /* ATCSIM.framework in Frameworks */,
				B192DC301EA95C7900BD03FB /* FoundationKit.framework in Frameworks */,
				B192DC351EA95C8000BD03FB /* FDPS.framework in Frameworks */,
			);
			runOnlyForDeploymentPostprocessing = 0;
		};
		B18CB6A31E522F9800F833DF /* Frameworks */ = {
			isa = PBXFrameworksBuildPhase;
			buildActionMask = 2147483647;
			files = (
			);
			runOnlyForDeploymentPostprocessing = 0;
		};
/* End PBXFrameworksBuildPhase section */

/* Begin PBXGroup section */
		B18CB68E1E522F9800F833DF = {
			isa = PBXGroup;
			children = (
				B192DB4D1EA95C2500BD03FB /* AirspaceKit.xcodeproj */,
				B192DB791EA95C2C00BD03FB /* ATCKit.xcodeproj */,
				B192DB9C1EA95C3200BD03FB /* ATCSIM.xcodeproj */,
				B192DBE31EA95C3900BD03FB /* FDPS.xcodeproj */,
				B192DC1E1EA95C3F00BD03FB /* FoundationKit.xcodeproj */,
				B18CB6991E522F9800F833DF /* Simulation */,
				B18CB6A91E522F9800F833DF /* SimulationTests */,
				B18CB6981E522F9800F833DF /* Products */,
			);
			sourceTree = "<group>";
		};
		B18CB6981E522F9800F833DF /* Products */ = {
			isa = PBXGroup;
			children = (
				B18CB6971E522F9800F833DF /* Simulation.app */,
				B18CB6A61E522F9800F833DF /* SimulationTests.xctest */,
			);
			name = Products;
			sourceTree = "<group>";
		};
		B18CB6991E522F9800F833DF /* Simulation */ = {
			isa = PBXGroup;
			children = (
				B18CB69A1E522F9800F833DF /* AppDelegate.swift */,
				B18CB6B51E522FAC00F833DF /* MainWindowController.swift */,
				B18CB6B61E522FAC00F833DF /* MainWindowController.xib */,
				B18CB6B91E522FC500F833DF /* ColoredView.swift */,
				B18CB69C1E522F9800F833DF /* Assets.xcassets */,
				B18CB69E1E522F9800F833DF /* MainMenu.xib */,
				B18CB6A11E522F9800F833DF /* Info.plist */,
			);
			path = Simulation;
			sourceTree = "<group>";
		};
		B18CB6A91E522F9800F833DF /* SimulationTests */ = {
			isa = PBXGroup;
			children = (
				B18CB6AA1E522F9800F833DF /* SimulationTests.swift */,
				B18CB6AC1E522F9800F833DF /* Info.plist */,
			);
			path = SimulationTests;
			sourceTree = "<group>";
		};
		B192DB4E1EA95C2500BD03FB /* Products */ = {
			isa = PBXGroup;
			children = (
				B192DB581EA95C2600BD03FB /* FoundationKit.framework */,
				B192DB5A1EA95C2600BD03FB /* JSON.framework */,
				B192DB5C1EA95C2600BD03FB /* Measure.framework */,
				B192DB5E1EA95C2600BD03FB /* AircraftKit.framework */,
				B192DB601EA95C2600BD03FB /* ATCKit.framework */,
				B192DB621EA95C2600BD03FB /* AirspaceKit.framework */,
				B192DB641EA95C2600BD03FB /* AirspaceKitTests.xctest */,
			);
			name = Products;
			sourceTree = "<group>";
		};
		B192DB7A1EA95C2C00BD03FB /* Products */ = {
			isa = PBXGroup;
			children = (
				B192DB831EA95C2C00BD03FB /* JSON.framework */,
				B192DB851EA95C2C00BD03FB /* FoundationKit.framework */,
				B192DB871EA95C2C00BD03FB /* Measure.framework */,
				B192DB891EA95C2C00BD03FB /* AircraftKit.framework */,
				B192DB8B1EA95C2C00BD03FB /* ATCKit.framework */,
				B192DB8D1EA95C2C00BD03FB /* ATCKitTests.xctest */,
			);
			name = Products;
			sourceTree = "<group>";
		};
		B192DB9D1EA95C3200BD03FB /* Products */ = {
			isa = PBXGroup;
			children = (
				B192DBAA1EA95C3200BD03FB /* JSON.framework */,
				B192DBAC1EA95C3200BD03FB /* FoundationKit.framework */,
				B192DBAE1EA95C3200BD03FB /* Measure.framework */,
				B192DBB01EA95C3200BD03FB /* AircraftKit.framework */,
				B192DBB21EA95C3200BD03FB /* ATCKit.framework */,
				B192DBB41EA95C3200BD03FB /* AirspaceKit.framework */,
				B192DBB61EA95C3200BD03FB /* Socket.framework */,
				B192DBB81EA95C3200BD03FB /* FDPS.framework */,
				B192DBBA1EA95C3200BD03FB /* ATCSIM.framework */,
				B192DBBC1EA95C3200BD03FB /* ATCSIMTests.xctest */,
			);
			name = Products;
			sourceTree = "<group>";
		};
		B192DBE41EA95C3900BD03FB /* Products */ = {
			isa = PBXGroup;
			children = (
				B192DBF01EA95C3900BD03FB /* FoundationKit.framework */,
				B192DBF21EA95C3900BD03FB /* JSON.framework */,
				B192DBF41EA95C3900BD03FB /* Measure.framework */,
				B192DBF61EA95C3900BD03FB /* AircraftKit.framework */,
				B192DBF81EA95C3900BD03FB /* ATCKit.framework */,
				B192DBFA1EA95C3900BD03FB /* AirspaceKit.framework */,
				B192DBFC1EA95C3900BD03FB /* Socket.framework */,
				B192DBFE1EA95C3900BD03FB /* FDPS.framework */,
				B192DC001EA95C3900BD03FB /* FDPSTests.xctest */,
			);
			name = Products;
			sourceTree = "<group>";
		};
		B192DC1F1EA95C3F00BD03FB /* Products */ = {
			isa = PBXGroup;
			children = (
				B192DC241EA95C3F00BD03FB /* FoundationKit.framework */,
				B192DC261EA95C3F00BD03FB /* FoundationKitTests.xctest */,
			);
			name = Products;
			sourceTree = "<group>";
		};
/* End PBXGroup section */

/* Begin PBXNativeTarget section */
		B18CB6961E522F9800F833DF /* Simulation */ = {
			isa = PBXNativeTarget;
			buildConfigurationList = B18CB6AF1E522F9800F833DF /* Build configuration list for PBXNativeTarget "Simulation" */;
			buildPhases = (
				B18CB6931E522F9800F833DF /* Sources */,
				B18CB6941E522F9800F833DF /* Frameworks */,
				B18CB6951E522F9800F833DF /* Resources */,
				B192DC341EA95C7900BD03FB /* Embed Frameworks */,
			);
			buildRules = (
			);
			dependencies = (
				B192DC441EA95CA300BD03FB /* PBXTargetDependency */,
				B192DC401EA95C9600BD03FB /* PBXTargetDependency */,
				B192DC3C1EA95C8B00BD03FB /* PBXTargetDependency */,
				B192DC381EA95C8000BD03FB /* PBXTargetDependency */,
				B192DC331EA95C7900BD03FB /* PBXTargetDependency */,
			);
			name = Simulation;
			productName = Simulation;
			productReference = B18CB6971E522F9800F833DF /* Simulation.app */;
			productType = "com.apple.product-type.application";
		};
		B18CB6A51E522F9800F833DF /* SimulationTests */ = {
			isa = PBXNativeTarget;
			buildConfigurationList = B18CB6B21E522F9800F833DF /* Build configuration list for PBXNativeTarget "SimulationTests" */;
			buildPhases = (
				B18CB6A21E522F9800F833DF /* Sources */,
				B18CB6A31E522F9800F833DF /* Frameworks */,
				B18CB6A41E522F9800F833DF /* Resources */,
			);
			buildRules = (
			);
			dependencies = (
				B18CB6A81E522F9800F833DF /* PBXTargetDependency */,
			);
			name = SimulationTests;
			productName = SimulationTests;
			productReference = B18CB6A61E522F9800F833DF /* SimulationTests.xctest */;
			productType = "com.apple.product-type.bundle.unit-test";
		};
/* End PBXNativeTarget section */

/* Begin PBXProject section */
		B18CB68F1E522F9800F833DF /* Project object */ = {
			isa = PBXProject;
			attributes = {
				LastSwiftUpdateCheck = 0820;
				LastUpgradeCheck = 0820;
				ORGANIZATIONNAME = Tagtaxa;
				TargetAttributes = {
					B18CB6961E522F9800F833DF = {
						CreatedOnToolsVersion = 8.2.1;
						DevelopmentTeam = WN8B3R544B;
						ProvisioningStyle = Automatic;
					};
					B18CB6A51E522F9800F833DF = {
						CreatedOnToolsVersion = 8.2.1;
						DevelopmentTeam = WN8B3R544B;
						ProvisioningStyle = Automatic;
						TestTargetID = B18CB6961E522F9800F833DF;
					};
				};
			};
			buildConfigurationList = B18CB6921E522F9800F833DF /* Build configuration list for PBXProject "Simulation" */;
			compatibilityVersion = "Xcode 3.2";
			developmentRegion = English;
			hasScannedForEncodings = 0;
			knownRegions = (
				en,
				Base,
			);
			mainGroup = B18CB68E1E522F9800F833DF;
			productRefGroup = B18CB6981E522F9800F833DF /* Products */;
			projectDirPath = "";
			projectReferences = (
				{
					ProductGroup = B192DB4E1EA95C2500BD03FB /* Products */;
					ProjectRef = B192DB4D1EA95C2500BD03FB /* AirspaceKit.xcodeproj */;
				},
				{
					ProductGroup = B192DB7A1EA95C2C00BD03FB /* Products */;
					ProjectRef = B192DB791EA95C2C00BD03FB /* ATCKit.xcodeproj */;
				},
				{
					ProductGroup = B192DB9D1EA95C3200BD03FB /* Products */;
					ProjectRef = B192DB9C1EA95C3200BD03FB /* ATCSIM.xcodeproj */;
				},
				{
					ProductGroup = B192DBE41EA95C3900BD03FB /* Products */;
					ProjectRef = B192DBE31EA95C3900BD03FB /* FDPS.xcodeproj */;
				},
				{
					ProductGroup = B192DC1F1EA95C3F00BD03FB /* Products */;
					ProjectRef = B192DC1E1EA95C3F00BD03FB /* FoundationKit.xcodeproj */;
				},
			);
			projectRoot = "";
			targets = (
				B18CB6961E522F9800F833DF /* Simulation */,
				B18CB6A51E522F9800F833DF /* SimulationTests */,
			);
		};
/* End PBXProject section */

/* Begin PBXReferenceProxy section */
		B192DB581EA95C2600BD03FB /* FoundationKit.framework */ = {
			isa = PBXReferenceProxy;
			fileType = wrapper.framework;
			path = FoundationKit.framework;
			remoteRef = B192DB571EA95C2600BD03FB /* PBXContainerItemProxy */;
			sourceTree = BUILT_PRODUCTS_DIR;
		};
		B192DB5A1EA95C2600BD03FB /* JSON.framework */ = {
			isa = PBXReferenceProxy;
			fileType = wrapper.framework;
			path = JSON.framework;
			remoteRef = B192DB591EA95C2600BD03FB /* PBXContainerItemProxy */;
			sourceTree = BUILT_PRODUCTS_DIR;
		};
		B192DB5C1EA95C2600BD03FB /* Measure.framework */ = {
			isa = PBXReferenceProxy;
			fileType = wrapper.framework;
			path = Measure.framework;
			remoteRef = B192DB5B1EA95C2600BD03FB /* PBXContainerItemProxy */;
			sourceTree = BUILT_PRODUCTS_DIR;
		};
		B192DB5E1EA95C2600BD03FB /* AircraftKit.framework */ = {
			isa = PBXReferenceProxy;
			fileType = wrapper.framework;
			path = AircraftKit.framework;
			remoteRef = B192DB5D1EA95C2600BD03FB /* PBXContainerItemProxy */;
			sourceTree = BUILT_PRODUCTS_DIR;
		};
		B192DB601EA95C2600BD03FB /* ATCKit.framework */ = {
			isa = PBXReferenceProxy;
			fileType = wrapper.framework;
			path = ATCKit.framework;
			remoteRef = B192DB5F1EA95C2600BD03FB /* PBXContainerItemProxy */;
			sourceTree = BUILT_PRODUCTS_DIR;
		};
		B192DB621EA95C2600BD03FB /* AirspaceKit.framework */ = {
			isa = PBXReferenceProxy;
			fileType = wrapper.framework;
			path = AirspaceKit.framework;
			remoteRef = B192DB611EA95C2600BD03FB /* PBXContainerItemProxy */;
			sourceTree = BUILT_PRODUCTS_DIR;
		};
		B192DB641EA95C2600BD03FB /* AirspaceKitTests.xctest */ = {
			isa = PBXReferenceProxy;
			fileType = file;
			path = AirspaceKitTests.xctest;
			remoteRef = B192DB631EA95C2600BD03FB /* PBXContainerItemProxy */;
			sourceTree = BUILT_PRODUCTS_DIR;
		};
		B192DB831EA95C2C00BD03FB /* JSON.framework */ = {
			isa = PBXReferenceProxy;
			fileType = wrapper.framework;
			path = JSON.framework;
			remoteRef = B192DB821EA95C2C00BD03FB /* PBXContainerItemProxy */;
			sourceTree = BUILT_PRODUCTS_DIR;
		};
		B192DB851EA95C2C00BD03FB /* FoundationKit.framework */ = {
			isa = PBXReferenceProxy;
			fileType = wrapper.framework;
			path = FoundationKit.framework;
			remoteRef = B192DB841EA95C2C00BD03FB /* PBXContainerItemProxy */;
			sourceTree = BUILT_PRODUCTS_DIR;
		};
		B192DB871EA95C2C00BD03FB /* Measure.framework */ = {
			isa = PBXReferenceProxy;
			fileType = wrapper.framework;
			path = Measure.framework;
			remoteRef = B192DB861EA95C2C00BD03FB /* PBXContainerItemProxy */;
			sourceTree = BUILT_PRODUCTS_DIR;
		};
		B192DB891EA95C2C00BD03FB /* AircraftKit.framework */ = {
			isa = PBXReferenceProxy;
			fileType = wrapper.framework;
			path = AircraftKit.framework;
			remoteRef = B192DB881EA95C2C00BD03FB /* PBXContainerItemProxy */;
			sourceTree = BUILT_PRODUCTS_DIR;
		};
		B192DB8B1EA95C2C00BD03FB /* ATCKit.framework */ = {
			isa = PBXReferenceProxy;
			fileType = wrapper.framework;
			path = ATCKit.framework;
			remoteRef = B192DB8A1EA95C2C00BD03FB /* PBXContainerItemProxy */;
			sourceTree = BUILT_PRODUCTS_DIR;
		};
		B192DB8D1EA95C2C00BD03FB /* ATCKitTests.xctest */ = {
			isa = PBXReferenceProxy;
			fileType = file;
			path = ATCKitTests.xctest;
			remoteRef = B192DB8C1EA95C2C00BD03FB /* PBXContainerItemProxy */;
			sourceTree = BUILT_PRODUCTS_DIR;
		};
		B192DBAA1EA95C3200BD03FB /* JSON.framework */ = {
			isa = PBXReferenceProxy;
			fileType = wrapper.framework;
			path = JSON.framework;
			remoteRef = B192DBA91EA95C3200BD03FB /* PBXContainerItemProxy */;
			sourceTree = BUILT_PRODUCTS_DIR;
		};
		B192DBAC1EA95C3200BD03FB /* FoundationKit.framework */ = {
			isa = PBXReferenceProxy;
			fileType = wrapper.framework;
			path = FoundationKit.framework;
			remoteRef = B192DBAB1EA95C3200BD03FB /* PBXContainerItemProxy */;
			sourceTree = BUILT_PRODUCTS_DIR;
		};
		B192DBAE1EA95C3200BD03FB /* Measure.framework */ = {
			isa = PBXReferenceProxy;
			fileType = wrapper.framework;
			path = Measure.framework;
			remoteRef = B192DBAD1EA95C3200BD03FB /* PBXContainerItemProxy */;
			sourceTree = BUILT_PRODUCTS_DIR;
		};
		B192DBB01EA95C3200BD03FB /* AircraftKit.framework */ = {
			isa = PBXReferenceProxy;
			fileType = wrapper.framework;
			path = AircraftKit.framework;
			remoteRef = B192DBAF1EA95C3200BD03FB /* PBXContainerItemProxy */;
			sourceTree = BUILT_PRODUCTS_DIR;
		};
		B192DBB21EA95C3200BD03FB /* ATCKit.framework */ = {
			isa = PBXReferenceProxy;
			fileType = wrapper.framework;
			path = ATCKit.framework;
			remoteRef = B192DBB11EA95C3200BD03FB /* PBXContainerItemProxy */;
			sourceTree = BUILT_PRODUCTS_DIR;
		};
		B192DBB41EA95C3200BD03FB /* AirspaceKit.framework */ = {
			isa = PBXReferenceProxy;
			fileType = wrapper.framework;
			path = AirspaceKit.framework;
			remoteRef = B192DBB31EA95C3200BD03FB /* PBXContainerItemProxy */;
			sourceTree = BUILT_PRODUCTS_DIR;
		};
		B192DBB61EA95C3200BD03FB /* Socket.framework */ = {
			isa = PBXReferenceProxy;
			fileType = wrapper.framework;
			path = Socket.framework;
			remoteRef = B192DBB51EA95C3200BD03FB /* PBXContainerItemProxy */;
			sourceTree = BUILT_PRODUCTS_DIR;
		};
		B192DBB81EA95C3200BD03FB /* FDPS.framework */ = {
			isa = PBXReferenceProxy;
			fileType = wrapper.framework;
			path = FDPS.framework;
			remoteRef = B192DBB71EA95C3200BD03FB /* PBXContainerItemProxy */;
			sourceTree = BUILT_PRODUCTS_DIR;
		};
		B192DBBA1EA95C3200BD03FB /* ATCSIM.framework */ = {
			isa = PBXReferenceProxy;
			fileType = wrapper.framework;
			path = ATCSIM.framework;
			remoteRef = B192DBB91EA95C3200BD03FB /* PBXContainerItemProxy */;
			sourceTree = BUILT_PRODUCTS_DIR;
		};
		B192DBBC1EA95C3200BD03FB /* ATCSIMTests.xctest */ = {
			isa = PBXReferenceProxy;
			fileType = file;
			path = ATCSIMTests.xctest;
			remoteRef = B192DBBB1EA95C3200BD03FB /* PBXContainerItemProxy */;
			sourceTree = BUILT_PRODUCTS_DIR;
		};
		B192DBF01EA95C3900BD03FB /* FoundationKit.framework */ = {
			isa = PBXReferenceProxy;
			fileType = wrapper.framework;
			path = FoundationKit.framework;
			remoteRef = B192DBEF1EA95C3900BD03FB /* PBXContainerItemProxy */;
			sourceTree = BUILT_PRODUCTS_DIR;
		};
		B192DBF21EA95C3900BD03FB /* JSON.framework */ = {
			isa = PBXReferenceProxy;
			fileType = wrapper.framework;
			path = JSON.framework;
			remoteRef = B192DBF11EA95C3900BD03FB /* PBXContainerItemProxy */;
			sourceTree = BUILT_PRODUCTS_DIR;
		};
		B192DBF41EA95C3900BD03FB /* Measure.framework */ = {
			isa = PBXReferenceProxy;
			fileType = wrapper.framework;
			path = Measure.framework;
			remoteRef = B192DBF31EA95C3900BD03FB /* PBXContainerItemProxy */;
			sourceTree = BUILT_PRODUCTS_DIR;
		};
		B192DBF61EA95C3900BD03FB /* AircraftKit.framework */ = {
			isa = PBXReferenceProxy;
			fileType = wrapper.framework;
			path = AircraftKit.framework;
			remoteRef = B192DBF51EA95C3900BD03FB /* PBXContainerItemProxy */;
			sourceTree = BUILT_PRODUCTS_DIR;
		};
		B192DBF81EA95C3900BD03FB /* ATCKit.framework */ = {
			isa = PBXReferenceProxy;
			fileType = wrapper.framework;
			path = ATCKit.framework;
			remoteRef = B192DBF71EA95C3900BD03FB /* PBXContainerItemProxy */;
			sourceTree = BUILT_PRODUCTS_DIR;
		};
		B192DBFA1EA95C3900BD03FB /* AirspaceKit.framework */ = {
			isa = PBXReferenceProxy;
			fileType = wrapper.framework;
			path = AirspaceKit.framework;
			remoteRef = B192DBF91EA95C3900BD03FB /* PBXContainerItemProxy */;
			sourceTree = BUILT_PRODUCTS_DIR;
		};
		B192DBFC1EA95C3900BD03FB /* Socket.framework */ = {
			isa = PBXReferenceProxy;
			fileType = wrapper.framework;
			path = Socket.framework;
			remoteRef = B192DBFB1EA95C3900BD03FB /* PBXContainerItemProxy */;
			sourceTree = BUILT_PRODUCTS_DIR;
		};
		B192DBFE1EA95C3900BD03FB /* FDPS.framework */ = {
			isa = PBXReferenceProxy;
			fileType = wrapper.framework;
			path = FDPS.framework;
			remoteRef = B192DBFD1EA95C3900BD03FB /* PBXContainerItemProxy */;
			sourceTree = BUILT_PRODUCTS_DIR;
		};
		B192DC001EA95C3900BD03FB /* FDPSTests.xctest */ = {
			isa = PBXReferenceProxy;
			fileType = file;
			path = FDPSTests.xctest;
			remoteRef = B192DBFF1EA95C3900BD03FB /* PBXContainerItemProxy */;
			sourceTree = BUILT_PRODUCTS_DIR;
		};
		B192DC241EA95C3F00BD03FB /* FoundationKit.framework */ = {
			isa = PBXReferenceProxy;
			fileType = wrapper.framework;
			path = FoundationKit.framework;
			remoteRef = B192DC231EA95C3F00BD03FB /* PBXContainerItemProxy */;
			sourceTree = BUILT_PRODUCTS_DIR;
		};
		B192DC261EA95C3F00BD03FB /* FoundationKitTests.xctest */ = {
			isa = PBXReferenceProxy;
			fileType = file;
			path = FoundationKitTests.xctest;
			remoteRef = B192DC251EA95C3F00BD03FB /* PBXContainerItemProxy */;
			sourceTree = BUILT_PRODUCTS_DIR;
		};
/* End PBXReferenceProxy section */

/* Begin PBXResourcesBuildPhase section */
		B18CB6951E522F9800F833DF /* Resources */ = {
			isa = PBXResourcesBuildPhase;
			buildActionMask = 2147483647;
			files = (
				B18CB69D1E522F9800F833DF /* Assets.xcassets in Resources */,
				B18CB6B81E522FAC00F833DF /* MainWindowController.xib in Resources */,
				B18CB6A01E522F9800F833DF /* MainMenu.xib in Resources */,
			);
			runOnlyForDeploymentPostprocessing = 0;
		};
		B18CB6A41E522F9800F833DF /* Resources */ = {
			isa = PBXResourcesBuildPhase;
			buildActionMask = 2147483647;
			files = (
			);
			runOnlyForDeploymentPostprocessing = 0;
		};
/* End PBXResourcesBuildPhase section */

/* Begin PBXSourcesBuildPhase section */
		B18CB6931E522F9800F833DF /* Sources */ = {
			isa = PBXSourcesBuildPhase;
			buildActionMask = 2147483647;
			files = (
				B18CB6B71E522FAC00F833DF /* MainWindowController.swift in Sources */,
				B18CB69B1E522F9800F833DF /* AppDelegate.swift in Sources */,
				B18CB6BA1E522FC500F833DF /* ColoredView.swift in Sources */,
			);
			runOnlyForDeploymentPostprocessing = 0;
		};
		B18CB6A21E522F9800F833DF /* Sources */ = {
			isa = PBXSourcesBuildPhase;
			buildActionMask = 2147483647;
			files = (
				B18CB6AB1E522F9800F833DF /* SimulationTests.swift in Sources */,
			);
			runOnlyForDeploymentPostprocessing = 0;
		};
/* End PBXSourcesBuildPhase section */

/* Begin PBXTargetDependency section */
		B18CB6A81E522F9800F833DF /* PBXTargetDependency */ = {
			isa = PBXTargetDependency;
			target = B18CB6961E522F9800F833DF /* Simulation */;
			targetProxy = B18CB6A71E522F9800F833DF /* PBXContainerItemProxy */;
		};
		B192DC331EA95C7900BD03FB /* PBXTargetDependency */ = {
			isa = PBXTargetDependency;
			name = FoundationKit;
			targetProxy = B192DC321EA95C7900BD03FB /* PBXContainerItemProxy */;
		};
		B192DC381EA95C8000BD03FB /* PBXTargetDependency */ = {
			isa = PBXTargetDependency;
			name = FDPS;
			targetProxy = B192DC371EA95C8000BD03FB /* PBXContainerItemProxy */;
		};
		B192DC3C1EA95C8B00BD03FB /* PBXTargetDependency */ = {
			isa = PBXTargetDependency;
			name = ATCSIM;
			targetProxy = B192DC3B1EA95C8B00BD03FB /* PBXContainerItemProxy */;
		};
		B192DC401EA95C9600BD03FB /* PBXTargetDependency */ = {
			isa = PBXTargetDependency;
			name = ATCKit;
			targetProxy = B192DC3F1EA95C9600BD03FB /* PBXContainerItemProxy */;
		};
		B192DC441EA95CA300BD03FB /* PBXTargetDependency */ = {
			isa = PBXTargetDependency;
			name = AirspaceKit;
			targetProxy = B192DC431EA95CA300BD03FB /* PBXContainerItemProxy */;
		};
/* End PBXTargetDependency section */

/* Begin PBXVariantGroup section */
		B18CB69E1E522F9800F833DF /* MainMenu.xib */ = {
			isa = PBXVariantGroup;
			children = (
				B18CB69F1E522F9800F833DF /* Base */,
			);
			name = MainMenu.xib;
			sourceTree = "<group>";
		};
/* End PBXVariantGroup section */

/* Begin XCBuildConfiguration section */
		B18CB6AD1E522F9800F833DF /* Debug */ = {
			isa = XCBuildConfiguration;
			buildSettings = {
				ALWAYS_SEARCH_USER_PATHS = NO;
				CLANG_ANALYZER_NONNULL = YES;
				CLANG_CXX_LANGUAGE_STANDARD = "gnu++0x";
				CLANG_CXX_LIBRARY = "libc++";
				CLANG_ENABLE_MODULES = YES;
				CLANG_ENABLE_OBJC_ARC = YES;
				CLANG_WARN_BOOL_CONVERSION = YES;
				CLANG_WARN_CONSTANT_CONVERSION = YES;
				CLANG_WARN_DIRECT_OBJC_ISA_USAGE = YES_ERROR;
				CLANG_WARN_DOCUMENTATION_COMMENTS = YES;
				CLANG_WARN_EMPTY_BODY = YES;
				CLANG_WARN_ENUM_CONVERSION = YES;
				CLANG_WARN_INFINITE_RECURSION = YES;
				CLANG_WARN_INT_CONVERSION = YES;
				CLANG_WARN_OBJC_ROOT_CLASS = YES_ERROR;
				CLANG_WARN_SUSPICIOUS_MOVE = YES;
				CLANG_WARN_UNREACHABLE_CODE = YES;
				CLANG_WARN__DUPLICATE_METHOD_MATCH = YES;
				CODE_SIGN_IDENTITY = "-";
				COPY_PHASE_STRIP = NO;
				DEBUG_INFORMATION_FORMAT = dwarf;
				ENABLE_STRICT_OBJC_MSGSEND = YES;
				ENABLE_TESTABILITY = YES;
				GCC_C_LANGUAGE_STANDARD = gnu99;
				GCC_DYNAMIC_NO_PIC = NO;
				GCC_NO_COMMON_BLOCKS = YES;
				GCC_OPTIMIZATION_LEVEL = 0;
				GCC_PREPROCESSOR_DEFINITIONS = (
					"DEBUG=1",
					"$(inherited)",
				);
				GCC_WARN_64_TO_32_BIT_CONVERSION = YES;
				GCC_WARN_ABOUT_RETURN_TYPE = YES_ERROR;
				GCC_WARN_UNDECLARED_SELECTOR = YES;
				GCC_WARN_UNINITIALIZED_AUTOS = YES_AGGRESSIVE;
				GCC_WARN_UNUSED_FUNCTION = YES;
				GCC_WARN_UNUSED_VARIABLE = YES;
				MACOSX_DEPLOYMENT_TARGET = 10.12;
				MTL_ENABLE_DEBUG_INFO = YES;
				ONLY_ACTIVE_ARCH = YES;
				SDKROOT = macosx;
				SWIFT_ACTIVE_COMPILATION_CONDITIONS = DEBUG;
				SWIFT_OPTIMIZATION_LEVEL = "-Onone";
			};
			name = Debug;
		};
		B18CB6AE1E522F9800F833DF /* Release */ = {
			isa = XCBuildConfiguration;
			buildSettings = {
				ALWAYS_SEARCH_USER_PATHS = NO;
				CLANG_ANALYZER_NONNULL = YES;
				CLANG_CXX_LANGUAGE_STANDARD = "gnu++0x";
				CLANG_CXX_LIBRARY = "libc++";
				CLANG_ENABLE_MODULES = YES;
				CLANG_ENABLE_OBJC_ARC = YES;
				CLANG_WARN_BOOL_CONVERSION = YES;
				CLANG_WARN_CONSTANT_CONVERSION = YES;
				CLANG_WARN_DIRECT_OBJC_ISA_USAGE = YES_ERROR;
				CLANG_WARN_DOCUMENTATION_COMMENTS = YES;
				CLANG_WARN_EMPTY_BODY = YES;
				CLANG_WARN_ENUM_CONVERSION = YES;
				CLANG_WARN_INFINITE_RECURSION = YES;
				CLANG_WARN_INT_CONVERSION = YES;
				CLANG_WARN_OBJC_ROOT_CLASS = YES_ERROR;
				CLANG_WARN_SUSPICIOUS_MOVE = YES;
				CLANG_WARN_UNREACHABLE_CODE = YES;
				CLANG_WARN__DUPLICATE_METHOD_MATCH = YES;
				CODE_SIGN_IDENTITY = "-";
				COPY_PHASE_STRIP = NO;
				DEBUG_INFORMATION_FORMAT = "dwarf-with-dsym";
				ENABLE_NS_ASSERTIONS = NO;
				ENABLE_STRICT_OBJC_MSGSEND = YES;
				GCC_C_LANGUAGE_STANDARD = gnu99;
				GCC_NO_COMMON_BLOCKS = YES;
				GCC_WARN_64_TO_32_BIT_CONVERSION = YES;
				GCC_WARN_ABOUT_RETURN_TYPE = YES_ERROR;
				GCC_WARN_UNDECLARED_SELECTOR = YES;
				GCC_WARN_UNINITIALIZED_AUTOS = YES_AGGRESSIVE;
				GCC_WARN_UNUSED_FUNCTION = YES;
				GCC_WARN_UNUSED_VARIABLE = YES;
				MACOSX_DEPLOYMENT_TARGET = 10.12;
				MTL_ENABLE_DEBUG_INFO = NO;
				SDKROOT = macosx;
				SWIFT_OPTIMIZATION_LEVEL = "-Owholemodule";
			};
			name = Release;
		};
		B18CB6B01E522F9800F833DF /* Debug */ = {
			isa = XCBuildConfiguration;
			buildSettings = {
				ALWAYS_EMBED_SWIFT_STANDARD_LIBRARIES = YES;
				ASSETCATALOG_COMPILER_APPICON_NAME = AppIcon;
				COMBINE_HIDPI_IMAGES = YES;
				DEVELOPMENT_TEAM = WN8B3R544B;
				INFOPLIST_FILE = Simulation/Info.plist;
				LD_RUNPATH_SEARCH_PATHS = "$(inherited) @executable_path/../Frameworks";
				LIBRARY_SEARCH_PATHS = "";
				PRODUCT_BUNDLE_IDENTIFIER = com.tagtaxa.Simulation;
				PRODUCT_NAME = "$(TARGET_NAME)";
				SWIFT_INCLUDE_PATHS = "";
				SWIFT_VERSION = 3.0;
			};
			name = Debug;
		};
		B18CB6B11E522F9800F833DF /* Release */ = {
			isa = XCBuildConfiguration;
			buildSettings = {
				ALWAYS_EMBED_SWIFT_STANDARD_LIBRARIES = YES;
				ASSETCATALOG_COMPILER_APPICON_NAME = AppIcon;
				COMBINE_HIDPI_IMAGES = YES;
				DEVELOPMENT_TEAM = WN8B3R544B;
				INFOPLIST_FILE = Simulation/Info.plist;
				LD_RUNPATH_SEARCH_PATHS = "$(inherited) @executable_path/../Frameworks";
				LIBRARY_SEARCH_PATHS = "";
				PRODUCT_BUNDLE_IDENTIFIER = com.tagtaxa.Simulation;
				PRODUCT_NAME = "$(TARGET_NAME)";
				SWIFT_INCLUDE_PATHS = "";
				SWIFT_VERSION = 3.0;
			};
			name = Release;
		};
		B18CB6B31E522F9800F833DF /* Debug */ = {
			isa = XCBuildConfiguration;
			buildSettings = {
				ALWAYS_EMBED_SWIFT_STANDARD_LIBRARIES = YES;
				BUNDLE_LOADER = "$(TEST_HOST)";
				COMBINE_HIDPI_IMAGES = YES;
				DEVELOPMENT_TEAM = WN8B3R544B;
				INFOPLIST_FILE = SimulationTests/Info.plist;
				LD_RUNPATH_SEARCH_PATHS = "$(inherited) @executable_path/../Frameworks @loader_path/../Frameworks";
				PRODUCT_BUNDLE_IDENTIFIER = com.tagtaxa.SimulationTests;
				PRODUCT_NAME = "$(TARGET_NAME)";
				SWIFT_VERSION = 3.0;
				TEST_HOST = "$(BUILT_PRODUCTS_DIR)/Simulation.app/Contents/MacOS/Simulation";
			};
			name = Debug;
		};
		B18CB6B41E522F9800F833DF /* Release */ = {
			isa = XCBuildConfiguration;
			buildSettings = {
				ALWAYS_EMBED_SWIFT_STANDARD_LIBRARIES = YES;
				BUNDLE_LOADER = "$(TEST_HOST)";
				COMBINE_HIDPI_IMAGES = YES;
				DEVELOPMENT_TEAM = WN8B3R544B;
				INFOPLIST_FILE = SimulationTests/Info.plist;
				LD_RUNPATH_SEARCH_PATHS = "$(inherited) @executable_path/../Frameworks @loader_path/../Frameworks";
				PRODUCT_BUNDLE_IDENTIFIER = com.tagtaxa.SimulationTests;
				PRODUCT_NAME = "$(TARGET_NAME)";
				SWIFT_VERSION = 3.0;
				TEST_HOST = "$(BUILT_PRODUCTS_DIR)/Simulation.app/Contents/MacOS/Simulation";
			};
			name = Release;
		};
/* End XCBuildConfiguration section */

/* Begin XCConfigurationList section */
		B18CB6921E522F9800F833DF /* Build configuration list for PBXProject "Simulation" */ = {
			isa = XCConfigurationList;
			buildConfigurations = (
				B18CB6AD1E522F9800F833DF /* Debug */,
				B18CB6AE1E522F9800F833DF /* Release */,
			);
			defaultConfigurationIsVisible = 0;
			defaultConfigurationName = Release;
		};
		B18CB6AF1E522F9800F833DF /* Build configuration list for PBXNativeTarget "Simulation" */ = {
			isa = XCConfigurationList;
			buildConfigurations = (
				B18CB6B01E522F9800F833DF /* Debug */,
				B18CB6B11E522F9800F833DF /* Release */,
			);
			defaultConfigurationIsVisible = 0;
			defaultConfigurationName = Release;
		};
		B18CB6B21E522F9800F833DF /* Build configuration list for PBXNativeTarget "SimulationTests" */ = {
			isa = XCConfigurationList;
			buildConfigurations = (
				B18CB6B31E522F9800F833DF /* Debug */,
				B18CB6B41E522F9800F833DF /* Release */,
			);
			defaultConfigurationIsVisible = 0;
			defaultConfigurationName = Release;
		};
/* End XCConfigurationList section */
	};
	rootObject = B18CB68F1E522F9800F833DF /* Project object */;
}
